
Microsoft Visual Studio Solution File, Format Version 12.00
# Visual Studio Version 16
VisualStudioVersion = 16.0.31112.23
MinimumVisualStudioVersion = 10.0.40219.1
Project("{FAE04EC0-301F-11D3-BF4B-00C04F79EFBC}") = "Anvil Of Dawn - Sprite Extractor", "Anvil Of Dawn - Sprite Extractor\Anvil Of Dawn - Sprite Extractor.csproj", "{13702864-27C3-41B8-AE64-8FD1B1FBD02E}"
EndProject
Global
	GlobalSection(SolutionConfigurationPlatforms) = preSolution
		Debug|Any CPU = Debug|Any CPU
		Release|Any CPU = Release|Any CPU
	EndGlobalSection
	GlobalSection(ProjectConfigurationPlatforms) = postSolution
		{13702864-27C3-41B8-AE64-8FD1B1FBD02E}.Debug|Any CPU.ActiveCfg = Debug|Any CPU
		{13702864-27C3-41B8-AE64-8FD1B1FBD02E}.Debug|Any CPU.Build.0 = Debug|Any CPU
		{13702864-27C3-41B8-AE64-8FD1B1FBD02E}.Release|Any CPU.ActiveCfg = Release|Any CPU
		{13702864-27C3-41B8-AE64-8FD1B1FBD02E}.Release|Any CPU.Build.0 = Release|Any CPU
	EndGlobalSection
	GlobalSection(SolutionProperties) = preSolution
		HideSolutionNode = FALSE
	EndGlobalSection
	GlobalSection(ExtensibilityGlobals) = postSolution
		SolutionGuid = {7F4CB019-AA30-4377-A03B-6EDFD4FAA673}
	EndGlobalSection
EndGlobal
